
Microsoft Visual Studio Solution File, Format Version 12.00
# Visual Studio Version 17
VisualStudioVersion = 17.5.33530.505
MinimumVisualStudioVersion = 10.0.40219.1
Project("{FAE04EC0-301F-11D3-BF4B-00C04F79EFBC}") = "ProjetoPetShop", "ProjetoPetShop\ProjetoPetShop.csproj", "{50A0FA9B-82CE-4AA6-A041-65649D09600E}"
EndProject
Global
	GlobalSection(SolutionConfigurationPlatforms) = preSolution
		Debug|Any CPU = Debug|Any CPU
		Release|Any CPU = Release|Any CPU
	EndGlobalSection
	GlobalSection(ProjectConfigurationPlatforms) = postSolution
		{50A0FA9B-82CE-4AA6-A041-65649D09600E}.Debug|Any CPU.ActiveCfg = Debug|Any CPU
		{50A0FA9B-82CE-4AA6-A041-65649D09600E}.Debug|Any CPU.Build.0 = Debug|Any CPU
		{50A0FA9B-82CE-4AA6-A041-65649D09600E}.Release|Any CPU.ActiveCfg = Release|Any CPU
		{50A0FA9B-82CE-4AA6-A041-65649D09600E}.Release|Any CPU.Build.0 = Release|Any CPU
	EndGlobalSection
	GlobalSection(SolutionProperties) = preSolution
		HideSolutionNode = FALSE
	EndGlobalSection
	GlobalSection(ExtensibilityGlobals) = postSolution
		SolutionGuid = {17E36947-DE60-4B1D-88CA-7994D76EBE8F}
	EndGlobalSection
EndGlobal
